github.com/apache/thrift v0.0.0-20150905105024-5bc8b5a3a5da h1:u92Hx0HPInVNRc+cJi0ZevnXa0SYXUev3LTanMZ2p/M=
github.com/apache/thrift v0.0.0-20150905105024-5bc8b5a3a5da/go.mod h1:cp2SuWMxlEZw2r+iP2GNCdIi4C1qmUzdZFSVb+bacwQ=
github.com/benbjohnson/clock v0.0.0-20160125162948-a620c1cc9866 h1:25PBP3Whtrii5nPURCbisQmMBQTQzGqepm1Kl50uT10=
github.com/benbjohnson/clock v0.0.0-20160125162948-a620c1cc9866/go.mod h1:UMqtWQTnOe4byzwe7Zhwh8f8s+36uszN51sJrSIZlTE=
github.com/cactus/go-statsd-client v3.1.0+incompatible h1:jtloShmaP/MkAW68aaWwQZrzlOUXVLudFmBQsskTs7A=
github.com/cactus/go-statsd-client v3.1.0+incompatible/go.mod h1:cMRcwZDklk7hXp+Law83urTHUiHMzCev/r4JMYr/zU0=
github.com/davecgh/go-spew v1.0.1-0.20161028175848-04cdfd42973b h1:G+M1PNsE5dtyVzld3c5v1NFxa9lZLKPSnEehCe2FVEI=
github.com/davecgh/go-spew v1.0.1-0.20161028175848-04cdfd42973b/go.mod h1:J7Y8YcW2NihsgmVo/mv3lAwl/skON4iLHjSsI+c5H38=
github.com/dgryski/go-farm v0.0.0-20140601200337-fc41e106ee0e h1:yHxpwMcpIiSGgFcjp9Gq9ZGi+1WU/s2tSL29sonuayU=
github.com/dgryski/go-farm v0.0.0-20140601200337-fc41e106ee0e/go.mod h1:SqUrOPUnsFjfmXRMNPybcSiG0BgUW2AuFH8PAnS2iTw=
github.com/opentracing/opentracing-go v1.0.2 h1:3jA2P6O1F9UOrWVpwrIo17pu01KWvNWg4X946/Y5Zwg=
github.com/opentracing/opentracing-go v1.0.2/go.mod h1:UkNAQd3GIcIGf0SeVgPpRdFStlNbqXla1AfSYxPUl2o=
github.com/pkg/errors v0.8.0/go.mod h1:bwawxfHBFNV+L2hUp1rHADufV3IMtnDRdf1r5NINEl0=
github.com/pmezard/go-difflib v0.0.0-20151028094244-d8ed2627bdf0 h1:GD+A8+e+wFkqje55/2fOVnZPkoDIu1VooBWfNrnY8Uo=
github.com/pmezard/go-difflib v0.0.0-20151028094244-d8ed2627bdf0/go.mod h1:iKH77koFhYxTK1pcRnkKkqfTogsbg7gZNVY4sRDYZ/4=
github.com/rcrowley/go-metrics v0.0.0-20141108142129-dee209f2455f h1:dfcuI1ZZzn8OXb0mYeJFo/0FzL/9eXT/sEzogrOzGc8=
github.com/rcrowley/go-metrics v0.0.0-20141108142129-dee209f2455f/go.mod h1:bCqnVzQkZxMG4s8nGwiZ5l3QUCyqpo9Y+/ZMZ9VjZe4=
github.com/sirupsen/logrus v1.0.2-0.20170726183946-abee6f9b0679 h1:wjJmqmR5zhUtXJlPyKNl14EEdR6OLGCMhmd+z3N7fhE=
github.com/sirupsen/logrus v1.0.2-0.20170726183946-abee6f9b0679/go.mod h1:pMByvHTf9Beacp5x1UXfOR9xyW/9antXMhjMPG0dEzc=
github.com/stretchr/objx v0.0.0-20140526180921-cbeaeb16a013 h1:lg5xphrNMF4T2GfLhtXOhFrTn5ZmPRUOWXvCLOattFY=
github.com/stretchr/objx v0.0.0-20140526180921-cbeaeb16a013/go.mod h1:HFkY916IF+rwdDfMAkV7OtwuqBVzrE8GR6GFx+wExME=
github.com/stretchr/testify v1.1.5-0.20170714215325-05e8a0eda380 h1:QrEXaPwRc95QTv2wXmZw3D8vgYvD555iAG69DLhAam8=
github.com/stretchr/testify v1.1.5-0.20170714215325-05e8a0eda380/go.mod h1:a8OnRcib4nhh0OaRAV+Yts87kKdq0PP7pXfy6kDkUVs=
github.com/uber-common/bark v1.0.0 h1:l5mfssVFEaYr60U8c4LNLRkp6xo6pTcOAcB1aJ4f9+g=
github.com/uber-common/bark v1.0.0/go.mod h1:g0ZuPcD7XiExKHynr93Q742G/sbrdVQkghrqLGOoFuY=
github.com/uber-go/atomic v1.2.0 h1:IW76lRi5RakBZ4DXexJOzEqSdhLOqElj/5m/u2OCgYo=
github.com/uber-go/atomic v1.2.0/go.mod h1:/Ct5t2lcmbJ4OSe/waGBoaVvVqtO0bmtfVNex1PFV8g=
github.com/uber/ringpop-go v0.8.5 h1:aBa/SHmmFRcAXA63k7uBheoTL8tCmH7L+OgktB1AF/o=
github.com/uber/ringpop-go v0.8.5/go.mod h1:zVI6eGO6L7pG14GkntHsSOfmUAWQ7B4lvmzly4IT4ls=
github.com/uber/tchannel-go v1.8.0 h1:HlTuIA2A13dxaGV6hXc2pIiN4Bp7bUt/cxiyFiOxXDc=
github.com/uber/tchannel-go v1.8.0/go.mod h1:Rrgz1eL8kMjW/nEzZos0t+Heq0O4LhnUJVA32OvWKHo=
golang.org/x/net v0.0.0-20170726083632-f5079bd7f6f7 h1:1Pw+ZX4dmGORIwGkTwnUr7RFuMhfpCYHXRZNF04XPYs=
golang.org/x/net v0.0.0-20170726083632-f5079bd7f6f7/go.mod h1:mL1N/T3taQHkDXs73rZJwtUhF3w3ftmwwsq0BUmARs4=
golang.org/x/sys v0.0.0-20160516132347-d4feaf1a7e61 h1:5wHhTD6KQrGlPwBCpZ7YPBr3Kw804JHcMfbh6jTqoXA=
golang.org/x/sys v0.0.0-20160516132347-d4feaf1a7e61/go.mod h1:STP8DvDyc/dI5b8T5hshtkjS+E42TnysNCUPdjciGhY=
gopkg.in/yaml.v2 v2.0.0-20160301204022-a83829b6f129/go.mod h1:JAlM8MvJe8wmxCU4Bli9HhUf9+ttbYbLASfIpnQbh74=
